
Microsoft Visual Studio Solution File, Format Version 12.00
# Visual Studio Version 16
VisualStudioVersion = 16.0.31829.152
MinimumVisualStudioVersion = 10.0.40219.1
Project("{FAE04EC0-301F-11D3-BF4B-00C04F79EFBC}") = "ServiceRest_20190140096_Amalia Husna", "ServiceRest_20190140096_Amalia Husna\ServiceRest_20190140096_Amalia Husna.csproj", "{04D6CBA9-9F34-4CFB-9B3A-2A17314DD283}"
EndProject
Global
	GlobalSection(SolutionConfigurationPlatforms) = preSolution
		Debug|Any CPU = Debug|Any CPU
		Release|Any CPU = Release|Any CPU
	EndGlobalSection
	GlobalSection(ProjectConfigurationPlatforms) = postSolution
		{04D6CBA9-9F34-4CFB-9B3A-2A17314DD283}.Debug|Any CPU.ActiveCfg = Debug|Any CPU
		{04D6CBA9-9F34-4CFB-9B3A-2A17314DD283}.Debug|Any CPU.Build.0 = Debug|Any CPU
		{04D6CBA9-9F34-4CFB-9B3A-2A17314DD283}.Release|Any CPU.ActiveCfg = Release|Any CPU
		{04D6CBA9-9F34-4CFB-9B3A-2A17314DD283}.Release|Any CPU.Build.0 = Release|Any CPU
	EndGlobalSection
	GlobalSection(SolutionProperties) = preSolution
		HideSolutionNode = FALSE
	EndGlobalSection
	GlobalSection(ExtensibilityGlobals) = postSolution
		SolutionGuid = {AD0C4B4F-AF12-477B-891B-4AE002C677AB}
	EndGlobalSection
EndGlobal
